
Microsoft Visual Studio Solution File, Format Version 12.00
# Visual Studio Version 17
VisualStudioVersion = 17.6.33815.320
MinimumVisualStudioVersion = 10.0.40219.1
Project("{FAE04EC0-301F-11D3-BF4B-00C04F79EFBC}") = "Assignment_11", "Assignment_11\Assignment_11.csproj", "{39503343-C487-4203-B76F-3D2545D497CF}"
EndProject
Global
	GlobalSection(SolutionConfigurationPlatforms) = preSolution
		Debug|Any CPU = Debug|Any CPU
		Release|Any CPU = Release|Any CPU
	EndGlobalSection
	GlobalSection(ProjectConfigurationPlatforms) = postSolution
		{39503343-C487-4203-B76F-3D2545D497CF}.Debug|Any CPU.ActiveCfg = Debug|Any CPU
		{39503343-C487-4203-B76F-3D2545D497CF}.Debug|Any CPU.Build.0 = Debug|Any CPU
		{39503343-C487-4203-B76F-3D2545D497CF}.Release|Any CPU.ActiveCfg = Release|Any CPU
		{39503343-C487-4203-B76F-3D2545D497CF}.Release|Any CPU.Build.0 = Release|Any CPU
	EndGlobalSection
	GlobalSection(SolutionProperties) = preSolution
		HideSolutionNode = FALSE
	EndGlobalSection
	GlobalSection(ExtensibilityGlobals) = postSolution
		SolutionGuid = {17A77844-0C08-48BD-AC19-67D4F894BAAC}
	EndGlobalSection
EndGlobal
